
Microsoft Visual Studio Solution File, Format Version 12.00
# Visual Studio Version 17
VisualStudioVersion = 17.9.34622.214
MinimumVisualStudioVersion = 10.0.40219.1
Project("{FAE04EC0-301F-11D3-BF4B-00C04F79EFBC}") = "BookShoping", "BookShoping.csproj", "{8B0673A7-3C5E-4D03-927F-048063D893A1}"
EndProject
Global
	GlobalSection(SolutionConfigurationPlatforms) = preSolution
		Debug|Any CPU = Debug|Any CPU
		Release|Any CPU = Release|Any CPU
	EndGlobalSection
	GlobalSection(ProjectConfigurationPlatforms) = postSolution
		{8B0673A7-3C5E-4D03-927F-048063D893A1}.Debug|Any CPU.ActiveCfg = Debug|Any CPU
		{8B0673A7-3C5E-4D03-927F-048063D893A1}.Debug|Any CPU.Build.0 = Debug|Any CPU
		{8B0673A7-3C5E-4D03-927F-048063D893A1}.Release|Any CPU.ActiveCfg = Release|Any CPU
		{8B0673A7-3C5E-4D03-927F-048063D893A1}.Release|Any CPU.Build.0 = Release|Any CPU
	EndGlobalSection
	GlobalSection(SolutionProperties) = preSolution
		HideSolutionNode = FALSE
	EndGlobalSection
	GlobalSection(ExtensibilityGlobals) = postSolution
		SolutionGuid = {963A5DE5-2EA9-48A8-A340-EFDC0EB71CB6}
	EndGlobalSection
EndGlobal
